
Microsoft Visual Studio Solution File, Format Version 12.00
# Visual Studio Express 2012 for Web
Project("{FAE04EC0-301F-11D3-BF4B-00C04F79EFBC}") = "FizzBuzzTDDExample", "FizzBuzzTDDExample\FizzBuzzTDDExample.csproj", "{729745C1-67D1-4746-BB5A-A8777E65A828}"
EndProject
Project("{FAE04EC0-301F-11D3-BF4B-00C04F79EFBC}") = "FizzBuzzTests", "FizzBuzzTests\FizzBuzzTests.csproj", "{9AABD991-CC26-4CC0-9D74-D10E2350EC8C}"
EndProject
Project("{2150E333-8FDC-42A3-9474-1A3956D46DE8}") = ".nuget", ".nuget", "{86F777E9-F317-4F78-89FF-C4BB7006CDCC}"
EndProject
Global
	GlobalSection(SolutionConfigurationPlatforms) = preSolution
		Debug|Any CPU = Debug|Any CPU
		Release|Any CPU = Release|Any CPU
	EndGlobalSection
	GlobalSection(ProjectConfigurationPlatforms) = postSolution
		{729745C1-67D1-4746-BB5A-A8777E65A828}.Debug|Any CPU.ActiveCfg = Debug|Any CPU
		{729745C1-67D1-4746-BB5A-A8777E65A828}.Debug|Any CPU.Build.0 = Debug|Any CPU
		{729745C1-67D1-4746-BB5A-A8777E65A828}.Release|Any CPU.ActiveCfg = Release|Any CPU
		{729745C1-67D1-4746-BB5A-A8777E65A828}.Release|Any CPU.Build.0 = Release|Any CPU
		{9AABD991-CC26-4CC0-9D74-D10E2350EC8C}.Debug|Any CPU.ActiveCfg = Debug|Any CPU
		{9AABD991-CC26-4CC0-9D74-D10E2350EC8C}.Debug|Any CPU.Build.0 = Debug|Any CPU
		{9AABD991-CC26-4CC0-9D74-D10E2350EC8C}.Release|Any CPU.ActiveCfg = Release|Any CPU
		{9AABD991-CC26-4CC0-9D74-D10E2350EC8C}.Release|Any CPU.Build.0 = Release|Any CPU
	EndGlobalSection
	GlobalSection(SolutionProperties) = preSolution
		HideSolutionNode = FALSE
	EndGlobalSection
EndGlobal
